
Microsoft Visual Studio Solution File, Format Version 12.00
# Visual Studio Version 16
VisualStudioVersion = 16.0.30114.105
MinimumVisualStudioVersion = 10.0.40219.1
Project("{FAE04EC0-301F-11D3-BF4B-00C04F79EFBC}") = "YoutubeApi", "YoutubeApi\YoutubeApi.csproj", "{DB1B0315-F3B0-4A67-8023-6C95760AD20D}"
EndProject
Global
	GlobalSection(SolutionConfigurationPlatforms) = preSolution
		Debug|Any CPU = Debug|Any CPU
		Release|Any CPU = Release|Any CPU
	EndGlobalSection
	GlobalSection(ProjectConfigurationPlatforms) = postSolution
		{DB1B0315-F3B0-4A67-8023-6C95760AD20D}.Debug|Any CPU.ActiveCfg = Debug|Any CPU
		{DB1B0315-F3B0-4A67-8023-6C95760AD20D}.Debug|Any CPU.Build.0 = Debug|Any CPU
		{DB1B0315-F3B0-4A67-8023-6C95760AD20D}.Release|Any CPU.ActiveCfg = Release|Any CPU
		{DB1B0315-F3B0-4A67-8023-6C95760AD20D}.Release|Any CPU.Build.0 = Release|Any CPU
	EndGlobalSection
	GlobalSection(SolutionProperties) = preSolution
		HideSolutionNode = FALSE
	EndGlobalSection
	GlobalSection(ExtensibilityGlobals) = postSolution
		SolutionGuid = {56012105-5066-4E32-A9A2-87E8A9515AFA}
	EndGlobalSection
EndGlobal
